version = 1
revision = 3
requires-python = ">=3.14"

[[package]]
name = "persona-experiment"
version = "0.1.0"
source = { editable = "." }
dependencies = [
    { name = "pyarrow" },
]

[package.metadata]
requires-dist = [{ name = "pyarrow", specifier = ">=26.0.0" }]

[[package]]
name = "pyarrow"
version = "26.0.0"
source = { registry = "https://pypi.org/simple" }
sdist = { url = "https://files.pythonhosted.org/packages/ec/34/17c34cb38e5d940e38f0f0d9fdfa0e8a506676409ea9b85aff7e3079f831/pyarrow-26.0.0.tar.gz", hash = "sha256:0cccd36e00ea3afeb52ded61f2721ce71f604853d70c45365c58324eb773d6ae", size = 1239433, upload-time = "2026-10-09T08:26:25.315Z" }
wheels = [
    { url = "https://files.pythonhosted.org/packages/8c/32/01858422a37f083911c2bb4d15cc32c5eeaa9d9b2bf5ddedee995a7146a6/pyarrow-26.0.0-cp314-cp314-macosx_12_0_arm64.whl", hash = "sha256:5780d487ff6c6ed7b42298609680d87fe0036e529a9dc2e1105364bce9697f50", size = 36378402, upload-time = "2026-10-09T08:23:36.537Z" },
    { url = "https://files.pythonhosted.org/packages/00/85/f6b5976c2878b752d0804d371684e0495a71de296b6dc6559e6fbaa4311a/pyarrow-26.0.0-cp314-cp314-macosx_12_0_x86_64.whl", hash = "sha256:a0e4e92eeb088f1d7c2c04d6c7de8434c75abb4b4ccf0bbcd045aa7164c68d93", size = 38733074, upload-time = "2026-10-09T08:23:42.873Z" },
    { url = "https://files.pythonhosted.org/packages/81/bc/c90fcbbcf893631e23dab1b0fb3fa29a508a8614326571b03c0894eda00b/pyarrow-26.0.0-cp314-cp314-manylinux_2_28_aarch64.whl", hash = "sha256:eaf9e7cc7ab59f6c760232bbde18f64d559bbc50544841303bfb32be53533297", size = 50929201, upload-time = "2026-10-09T08:23:50.507Z" },
    { url = "https://files.pythonhosted.org/packages/ec/c1/0c1ff38ab7df1b2cf54cf0ad9f19a516c4e416c6c9b4c966cc2c9d587f77/pyarrow-26.0.0-cp314-cp314-manylinux_2_28_x86_64.whl", hash = "sha256:ab6914db225d7f399652ae1f08588dfbc9efe617612715701e3d9d5cfa5ca19f", size = 53951865, upload-time = "2026-10-09T08:23:57.692Z" },
    { url = "https://files.pythonhosted.org/packages/9f/70/6a6b170496925472adad45a32528770fc8632db35fc60d4edd1e9ce1be0b/pyarrow-26.0.0-cp314-cp314-musllinux_1_2_aarch64.whl", hash = "sha256:41dd3661ef40790a78870052ad7a58ad827b27c67a4511f06962eb9e9b74d19b", size = 54496388, upload-time = "2026-10-09T08:24:05.23Z" },
    { url = "https://files.pythonhosted.org/packages/a8/32/033ef9dba80976820190e292a10a5a23e9406572b76bbeb4d685d90e5c8d/pyarrow-26.0.0-cp314-cp314-musllinux_1_2_x86_64.whl", hash = "sha256:6e949744dcfc2d379808f7013c5f9cafaf0f817656dff7d46c6931528dd1784b", size = 57411588, upload-time = "2026-10-09T08:24:12.043Z" },
    { url = "https://files.pythonhosted.org/packages/1e/ff/a74892c50aaf1f9f744a84493e08a2f99221e77c39d2d4a926de21a99edf/pyarrow-26.0.0-cp314-cp314-win_amd64.whl", hash = "sha256:4a5fa8dc70dd50808990ff36faf44088e357b353d86c7682dd92d4b78d4c97d5", size = 29237858, upload-time = "2026-10-09T08:24:58.106Z" },
    { url = "https://files.pythonhosted.org/packages/03/10/f0ee0976ef08a851a743c57608917ac9a47623f688b9ee0efe5429975ba1/pyarrow-26.0.0-cp314-cp314t-macosx_12_0_arm64.whl", hash = "sha256:e2a1856e9565fe2679863b372478c681806aebbf7d0a6e72f33e77f804e647d6", size = 36495870, upload-time = "2026-10-09T08:24:16.479Z" },
    { url = "https://files.pythonhosted.org/packages/27/ca/0bc431a509bf10b4472dbb94f4184752ecbbddeb7f467152dac0fdaed469/pyarrow-26.0.0-cp314-cp314t-macosx_12_0_x86_64.whl", hash = "sha256:4bcba83299cb2b8f8e443d36c6ba6269a5034431879015fb0719495df8a14de2", size = 38819754, upload-time = "2026-10-09T08:24:20.875Z" },
    { url = "https://files.pythonhosted.org/packages/61/59/2be41d26af7a07fb71581fb753cae396403ba1a2978355fd553929d44a9a/pyarrow-26.0.0-cp314-cp314t-manylinux_2_28_aarch64.whl", hash = "sha256:3a4d235876f14b4136b4d616ec42eb469ea0d6ead336cae631aa1dd29b21c962", size = 50933671, upload-time = "2026-10-09T08:24:27.199Z" },
    { url = "https://files.pythonhosted.org/packages/4b/cb/b6d5048cf3178be9678f5c9c60040199894b2f69c3439c87ced91fd24da9/pyarrow-26.0.0-cp314-cp314t-manylinux_2_28_x86_64.whl", hash = "sha256:210cc9b83888b87cdc8f793eebb264f22b20d0dedbedefc73b9687a7047b4747", size = 53906419, upload-time = "2026-10-09T08:24:33.536Z" },
    { url = "https://files.pythonhosted.org/packages/09/2b/23e30fbd776c81d18d134d2592eb60daca13e8a57ab087d0fa042f9d9f3d/pyarrow-26.0.0-cp314-cp314t-musllinux_1_2_aarch64.whl", hash = "sha256:ca77c43ca55bfc9a4eeb1f0cd5f093f08731b77c24cdba0829035f084959b0bb", size = 54527960, upload-time = "2026-10-09T08:24:41.292Z" },
    { url = "https://files.pythonhosted.org/packages/e2/23/fce251cd6b0546dfc181b00d5c8ef1c95a8c4cae83266bc3dfd5f719c62c/pyarrow-26.0.0-cp314-cp314t-musllinux_1_2_x86_64.whl", hash = "sha256:290a74c48e9491b436fd5edacfadf357943f82aa45c81110bd83a69aab33d1cf", size = 57388010, upload-time = "2026-10-09T08:24:48.186Z" },
    { url = "https://files.pythonhosted.org/packages/44/a5/0126fb0ef8d59bf257bdd68bb41623b72afc6e81790a0b4ac863a0f58861/pyarrow-26.0.0-cp314-cp314t-win_amd64.whl", hash = "sha256:515a10dae2a1d236bc9c9209d0317acb6746ea63cd4f98704904af7156d90ed1", size = 29406123, upload-time = "2026-10-09T08:24:53.387Z" },
    { url = "https://files.pythonhosted.org/packages/ed/66/8ada1b5165359d84b4b9b5384742304d1081da670f77d458fd9c9b8a2161/pyarrow-26.0.0-cp315-cp315-macosx_12_0_arm64.whl", hash = "sha256:e890816e5ee89c74a0f8b9379fe8b5ba83f46132b2a0bbb9b1c21359ec30dfda", size = 36373215, upload-time = "2026-10-09T08:25:03.067Z" },
    { url = "https://files.pythonhosted.org/packages/c4/83/74f10c3d803a6834b2acab21847724d4bdbc74d246eb17321432844707f3/pyarrow-26.0.0-cp315-cp315-macosx_12_0_x86_64.whl", hash = "sha256:9db18a9dc0af52135c9eac549d80a7a882696efbe5406cf882b044525d4ecc2e", size = 38730866, upload-time = "2026-10-09T08:25:07.924Z" },
    { url = "https://files.pythonhosted.org/packages/e2/5a/ea2fa2163b1bd8ff73efd39c4060be63fd6ddec03e7887a471acd1e042a4/pyarrow-26.0.0-cp315-cp315-manylinux_2_28_aarch64.whl", hash = "sha256:734312d3d99088d9ec28c5b17bad40389bd8373a1afc10acb60b83fd217af087", size = 50924443, upload-time = "2026-10-09T08:25:13.864Z" },
    { url = "https://files.pythonhosted.org/packages/78/80/8c47b6cf8cfd42826df65193eff026c1cc81fa6cb213a3c3f5d203e6f67a/pyarrow-26.0.0-cp315-cp315-manylinux_2_28_x86_64.whl", hash = "sha256:24f892fdf1ae1942d69d3f7742e2f49960ec95277cfb1a70b8a1d91f4a96d935", size = 53948540, upload-time = "2026-10-09T08:25:19.305Z" },
    { url = "https://files.pythonhosted.org/packages/69/1f/3a506a76d944ec5c5e4b7f01d8d0446b392a6fb384de627a12e503f616b4/pyarrow-26.0.0-cp315-cp315-musllinux_1_2_aarch64.whl", hash = "sha256:879331ddea2a26479fa18fade71e6facf684a6cf19f67daec3775c871569e8e5", size = 54494863, upload-time = "2026-10-09T08:25:24.517Z" },
    { url = "https://files.pythonhosted.org/packages/3d/50/08c4bb04d651788d2eaca78065743f4f6ded974d4ef96ae3c473993e9d0c/pyarrow-26.0.0-cp315-cp315-musllinux_1_2_x86_64.whl", hash = "sha256:5b827650e874f1f9f9392524ea3e9e3e8a245de5ba64acca1f81ab188090afb9", size = 57409877, upload-time = "2026-10-09T08:25:31.157Z" },
    { url = "https://files.pythonhosted.org/packages/d4/f3/c64781fbd7b6d3c07993b698c14944d0d195f07e800fa931c486ae6ab36a/pyarrow-26.0.0-cp315-cp315-win_amd64.whl", hash = "sha256:8e8e28c464552b5ca03e30d4504168c4425ce383884f8611b00e972f9fd933fc", size = 29236658, upload-time = "2026-10-09T08:26:22.607Z" },
    { url = "https://files.pythonhosted.org/packages/06/55/2ee3729daea999f19f061f03898d4895a242c4cd94f26e1324e5fdfbfe10/pyarrow-26.0.0-cp315-cp315t-macosx_12_0_arm64.whl", hash = "sha256:ce28748cbeb0f29c3ce9603782979c7117580fc76f16aa3ca448b38a22281adb", size = 36489011, upload-time = "2026-10-09T08:25:37.64Z" },
    { url = "https://files.pythonhosted.org/packages/6a/7d/3eb17f601f2bf13eda5f2ed28956379ca628b4dda97619cbb1cb1721622d/pyarrow-26.0.0-cp315-cp315t-macosx_12_0_x86_64.whl", hash = "sha256:106bb9290fc6fd9a84138a9440038ef184bac86463543c5ff099229cb30d996c", size = 38808480, upload-time = "2026-10-09T08:25:43.579Z" },
    { url = "https://files.pythonhosted.org/packages/0e/e3/f0047360b0f4bfc031b256dc0aec3837a61f245b2fb70f8363438e2db665/pyarrow-26.0.0-cp315-cp315t-manylinux_2_28_aarch64.whl", hash = "sha256:2e4a413046eba9896e632925066c74095182200ba32e19ff0166bf64d2f936ac", size = 50923273, upload-time = "2026-10-09T08:25:51.445Z" },
    { url = "https://files.pythonhosted.org/packages/38/d9/56d9fb91210407df31cbeb9b91138601c88c7c8fb5f6bf773b20d65509bf/pyarrow-26.0.0-cp315-cp315t-manylinux_2_28_x86_64.whl", hash = "sha256:d58798c4d8d629700058e9afc1e16b9801023f3ce4dc1c92d945e79b5ffe4e98", size = 53900905, upload-time = "2026-10-09T08:25:59.554Z" },
    { url = "https://files.pythonhosted.org/packages/cf/40/8e8a7e9e027c731520c7eb179dd00a153b76ebf0bc11d213c6c8f8502851/pyarrow-26.0.0-cp315-cp315t-musllinux_1_2_aarch64.whl", hash = "sha256:645917e976671debabf854abab6e2b75c571ca4f82adc33a2d338697f7c27d93", size = 54518345, upload-time = "2026-10-09T08:26:07.125Z" },
    { url = "https://files.pythonhosted.org/packages/be/89/1e768a3fdb88d34e708ad2dc00dbf8e4e30290784eb84198d59308963bea/pyarrow-26.0.0-cp315-cp315t-musllinux_1_2_x86_64.whl", hash = "sha256:7c3fda041e7078802589cf257750323ee3d0cd1e56e53a9b20ec845697fb3d28", size = 57379403, upload-time = "2026-10-09T08:26:13.624Z" },
    { url = "https://files.pythonhosted.org/packages/96/be/7b81a44d6a8e70581dcc1d6f01541f9000a973b1e5d75394aec91e7b179a/pyarrow-26.0.0-cp315-cp315t-win_amd64.whl", hash = "sha256:68cd662e9e2b00876a131950cf32336ace2d0865e1f9418763e3d3be8481dfa4", size = 29389953, upload-time = "2026-10-09T08:26:18.277Z" },
]
